
Microsoft Visual Studio Solution File, Format Version 12.00
# Visual Studio 14
VisualStudioVersion = 14.0.25123.0
MinimumVisualStudioVersion = 10.0.40219.1
Project("{FAE04EC0-301F-11D3-BF4B-00C04F79EFBC}") = "Chem", "chem\Chem.csproj", "{68132825-5D74-4C83-B1E0-AEE3C77B906A}"
EndProject
Project("{FAE04EC0-301F-11D3-BF4B-00C04F79EFBC}") = "Database", "database\Database.csproj", "{EE3F4991-F09D-4020-AA29-61C239FFA466}"
EndProject
Project("{FAE04EC0-301F-11D3-BF4B-00C04F79EFBC}") = "tmp.ModelsTester", "tmp.ModelsTester\tmp.ModelsTester.csproj", "{92CF087A-B98C-4D18-9274-D1EF2023A12B}"
EndProject
Project("{FAE04EC0-301F-11D3-BF4B-00C04F79EFBC}") = "Spider", "spider\Spider.csproj", "{57559DC2-30C0-4B29-9796-8E82389AE684}"
EndProject
Project("{FAE04EC0-301F-11D3-BF4B-00C04F79EFBC}") = "Common", "Common\Common.csproj", "{88A1B619-0663-4219-9A9C-DE975A2DC5E5}"
EndProject
Project("{FAE04EC0-301F-11D3-BF4B-00C04F79EFBC}") = "Chem.Services", "Chem.Services\Chem.Services.csproj", "{EBC6A325-36DE-4262-8302-4097105E8E0A}"
EndProject
Project("{FAE04EC0-301F-11D3-BF4B-00C04F79EFBC}") = "Chem.Models", "Chem.Models\Chem.Models.csproj", "{0F8E381D-B3DA-471D-9B97-399C537E450C}"
EndProject
Project("{FAE04EC0-301F-11D3-BF4B-00C04F79EFBC}") = "ChemTests", "ChemTests\ChemTests.csproj", "{EAF81B3C-8CC2-4921-ADC5-AA878CCD36A1}"
EndProject
Global
	GlobalSection(SolutionConfigurationPlatforms) = preSolution
		Debug|Any CPU = Debug|Any CPU
		Release|Any CPU = Release|Any CPU
	EndGlobalSection
	GlobalSection(ProjectConfigurationPlatforms) = postSolution
		{68132825-5D74-4C83-B1E0-AEE3C77B906A}.Debug|Any CPU.ActiveCfg = Debug|Any CPU
		{68132825-5D74-4C83-B1E0-AEE3C77B906A}.Debug|Any CPU.Build.0 = Debug|Any CPU
		{68132825-5D74-4C83-B1E0-AEE3C77B906A}.Release|Any CPU.ActiveCfg = Release|Any CPU
		{68132825-5D74-4C83-B1E0-AEE3C77B906A}.Release|Any CPU.Build.0 = Release|Any CPU
		{EE3F4991-F09D-4020-AA29-61C239FFA466}.Debug|Any CPU.ActiveCfg = Debug|Any CPU
		{EE3F4991-F09D-4020-AA29-61C239FFA466}.Debug|Any CPU.Build.0 = Debug|Any CPU
		{EE3F4991-F09D-4020-AA29-61C239FFA466}.Release|Any CPU.ActiveCfg = Release|Any CPU
		{EE3F4991-F09D-4020-AA29-61C239FFA466}.Release|Any CPU.Build.0 = Release|Any CPU
		{92CF087A-B98C-4D18-9274-D1EF2023A12B}.Debug|Any CPU.ActiveCfg = Debug|Any CPU
		{92CF087A-B98C-4D18-9274-D1EF2023A12B}.Debug|Any CPU.Build.0 = Debug|Any CPU
		{92CF087A-B98C-4D18-9274-D1EF2023A12B}.Release|Any CPU.ActiveCfg = Release|Any CPU
		{92CF087A-B98C-4D18-9274-D1EF2023A12B}.Release|Any CPU.Build.0 = Release|Any CPU
		{57559DC2-30C0-4B29-9796-8E82389AE684}.Debug|Any CPU.ActiveCfg = Debug|Any CPU
		{57559DC2-30C0-4B29-9796-8E82389AE684}.Debug|Any CPU.Build.0 = Debug|Any CPU
		{57559DC2-30C0-4B29-9796-8E82389AE684}.Release|Any CPU.ActiveCfg = Release|Any CPU
		{57559DC2-30C0-4B29-9796-8E82389AE684}.Release|Any CPU.Build.0 = Release|Any CPU
		{88A1B619-0663-4219-9A9C-DE975A2DC5E5}.Debug|Any CPU.ActiveCfg = Debug|Any CPU
		{88A1B619-0663-4219-9A9C-DE975A2DC5E5}.Debug|Any CPU.Build.0 = Debug|Any CPU
		{88A1B619-0663-4219-9A9C-DE975A2DC5E5}.Release|Any CPU.ActiveCfg = Release|Any CPU
		{88A1B619-0663-4219-9A9C-DE975A2DC5E5}.Release|Any CPU.Build.0 = Release|Any CPU
		{EBC6A325-36DE-4262-8302-4097105E8E0A}.Debug|Any CPU.ActiveCfg = Debug|Any CPU
		{EBC6A325-36DE-4262-8302-4097105E8E0A}.Debug|Any CPU.Build.0 = Debug|Any CPU
		{EBC6A325-36DE-4262-8302-4097105E8E0A}.Release|Any CPU.ActiveCfg = Release|Any CPU
		{EBC6A325-36DE-4262-8302-4097105E8E0A}.Release|Any CPU.Build.0 = Release|Any CPU
		{0F8E381D-B3DA-471D-9B97-399C537E450C}.Debug|Any CPU.ActiveCfg = Debug|Any CPU
		{0F8E381D-B3DA-471D-9B97-399C537E450C}.Debug|Any CPU.Build.0 = Debug|Any CPU
		{0F8E381D-B3DA-471D-9B97-399C537E450C}.Release|Any CPU.ActiveCfg = Release|Any CPU
		{0F8E381D-B3DA-471D-9B97-399C537E450C}.Release|Any CPU.Build.0 = Release|Any CPU
		{EAF81B3C-8CC2-4921-ADC5-AA878CCD36A1}.Debug|Any CPU.ActiveCfg = Debug|Any CPU
		{EAF81B3C-8CC2-4921-ADC5-AA878CCD36A1}.Debug|Any CPU.Build.0 = Debug|Any CPU
		{EAF81B3C-8CC2-4921-ADC5-AA878CCD36A1}.Release|Any CPU.ActiveCfg = Release|Any CPU
		{EAF81B3C-8CC2-4921-ADC5-AA878CCD36A1}.Release|Any CPU.Build.0 = Release|Any CPU
	EndGlobalSection
	GlobalSection(SolutionProperties) = preSolution
		HideSolutionNode = FALSE
	EndGlobalSection
EndGlobal
